{
    "_readme": [
        "This file locks the dependencies of your project to a known state",
        "Read more about it at https://getcomposer.org/doc/01-basic-usage.md#installing-dependencies",
        "This file is @generated automatically"
    ],
    "content-hash": "fc7d85985fecda14b979f67f96a9c6a3",
    "packages": [
        {
            "name": "rah/mtxpc",
            "version": "0.9.1",
            "source": {
                "type": "git",
                "url": "https://github.com/gocom/MassPlugCompiler.git",
                "reference": "2680db0b65c5a5b0b41e5846cb85faa6431ed8b9"
            },
            "dist": {
                "type": "zip",
                "url": "https://api.github.com/repos/gocom/MassPlugCompiler/zipball/2680db0b65c5a5b0b41e5846cb85faa6431ed8b9",
                "reference": "2680db0b65c5a5b0b41e5846cb85faa6431ed8b9",
                "shasum": ""
            },
            "require": {
                "ext-json": "*",
                "ext-mbstring": "*",
                "ext-pcre": "*",
                "ext-zlib": "*",
                "php": ">=7.2.0"
            },
            "require-dev": {
                "phpstan/phpstan": "^1.5.6",
                "phpunit/phpunit": "^9.5.20",
                "squizlabs/php_codesniffer": "3.*"
            },
            "bin": [
                "bin/mtxpc"
            ],
            "type": "library",
            "autoload": {
                "psr-4": {
                    "Rah\\Mtxpc\\": "src/"
                }
            },
            "notification-url": "https://packagist.org/downloads/",
            "license": [
                "GPL-2.0"
            ],
            "authors": [
                {
                    "name": "Jukka Svahn",
                    "homepage": "https://github.com/gocom",
                    "role": "Developer"
                }
            ],
            "description": "Plugin Installer Compiler for Textpattern CMS",
            "homepage": "https://github.com/gocom/MassPlugCompiler",
            "keywords": [
                "plugin",
                "textpattern"
            ],
            "support": {
                "issues": "https://github.com/gocom/MassPlugCompiler/issues",
                "source": "https://github.com/gocom/MassPlugCompiler"
            },
            "funding": [
                {
                    "url": "https://www.paypal.me/jukkasvahn",
                    "type": "custom"
                }
            ],
            "time": "2022-04-16T15:06:47+00:00"
        }
    ],
    "packages-dev": [],
    "aliases": [],
    "minimum-stability": "stable",
    "stability-flags": [],
    "prefer-stable": false,
    "prefer-lowest": false,
    "platform": [],
    "platform-dev": [],
    "plugin-api-version": "2.3.0"
}
