{
    "_readme": [
        "This file locks the dependencies of your project to a known state",
        "Read more about it at https://getcomposer.org/doc/01-basic-usage.md#installing-dependencies",
        "This file is @generated automatically"
    ],
    "content-hash": "97e8106e638f5a95f5fabbe263e7c23e",
    "packages": [
        {
            "name": "rah/mtxpc",
            "version": "0.8.0",
            "source": {
                "type": "git",
                "url": "https://github.com/gocom/MassPlugCompiler.git",
                "reference": "d909186bc0846c4424cac637d856b5eedb026488"
            },
            "dist": {
                "type": "zip",
                "url": "https://api.github.com/repos/gocom/MassPlugCompiler/zipball/d909186bc0846c4424cac637d856b5eedb026488",
                "reference": "d909186bc0846c4424cac637d856b5eedb026488",
                "shasum": ""
            },
            "require": {
                "ext-json": "*",
                "ext-mbstring": "*",
                "ext-pcre": "*",
                "ext-zlib": "*",
                "php": ">=7.2.0"
            },
            "require-dev": {
                "php-coveralls/php-coveralls": "^2.1",
                "phpstan/phpstan": "^0.12.9",
                "phpunit/phpunit": "8.4.*",
                "squizlabs/php_codesniffer": "3.*"
            },
            "bin": [
                "bin/mtxpc"
            ],
            "type": "library",
            "autoload": {
                "psr-4": {
                    "Rah\\Mtxpc\\": "src/"
                }
            },
            "notification-url": "https://packagist.org/downloads/",
            "license": [
                "GPL-2.0"
            ],
            "authors": [
                {
                    "name": "Jukka Svahn",
                    "homepage": "https://github.com/gocom",
                    "role": "Developer"
                }
            ],
            "description": "Plugin Installer Compiler for Textpattern CMS",
            "homepage": "https://github.com/gocom/MassPlugCompiler",
            "keywords": [
                "plugin",
                "textpattern"
            ],
            "time": "2020-02-09T03:01:51+00:00"
        }
    ],
    "packages-dev": [],
    "aliases": [],
    "minimum-stability": "stable",
    "stability-flags": [],
    "prefer-stable": false,
    "prefer-lowest": false,
    "platform": [],
    "platform-dev": []
}
