{
    "_readme": [
        "This file locks the dependencies of your project to a known state",
        "Read more about it at https://getcomposer.org/doc/01-basic-usage.md#installing-dependencies",
        "This file is @generated automatically"
    ],
    "content-hash": "945c0e892ed7c14c7a85215d03510226",
    "packages": [
        {
            "name": "rah/mtxpc",
            "version": "0.6.0",
            "source": {
                "type": "git",
                "url": "https://github.com/gocom/MassPlugCompiler.git",
                "reference": "4e4cc4bbdb6576fd085f6c538ebf12e0abaef02c"
            },
            "dist": {
                "type": "zip",
                "url": "https://api.github.com/repos/gocom/MassPlugCompiler/zipball/4e4cc4bbdb6576fd085f6c538ebf12e0abaef02c",
                "reference": "4e4cc4bbdb6576fd085f6c538ebf12e0abaef02c",
                "shasum": ""
            },
            "require": {
                "php": ">=7.2.0"
            },
            "require-dev": {
                "php-coveralls/php-coveralls": "^2.1",
                "phpunit/phpunit": "5.7.*",
                "squizlabs/php_codesniffer": "3.*"
            },
            "bin": [
                "bin/mtxpc"
            ],
            "type": "library",
            "autoload": {
                "psr-4": {
                    "Rah\\Mtxpc\\": "src/"
                }
            },
            "notification-url": "https://packagist.org/downloads/",
            "license": [
                "GPL-2.0"
            ],
            "authors": [
                {
                    "name": "Jukka Svahn",
                    "homepage": "https://github.com/gocom",
                    "role": "Developer"
                }
            ],
            "description": "Plugin Installer Compiler for Textpattern CMS",
            "homepage": "https://github.com/gocom/MassPlugCompiler",
            "keywords": [
                "plugin",
                "textpattern"
            ],
            "time": "2019-10-20T04:41:00+00:00"
        }
    ],
    "packages-dev": [],
    "aliases": [],
    "minimum-stability": "stable",
    "stability-flags": [],
    "prefer-stable": false,
    "prefer-lowest": false,
    "platform": [],
    "platform-dev": []
}
